
Microsoft Visual Studio Solution File, Format Version 12.00
# Visual Studio Version 16
VisualStudioVersion = 16.0.30204.135
MinimumVisualStudioVersion = 10.0.40219.1
Project("{9A19103F-16F7-4668-BE54-9A1E7A4F7556}") = "PdfToDocx", "PdfToDocx\PdfToDocx.csproj", "{F5BF84B2-ED3C-40DD-85B1-E1E63F93EDC2}"
EndProject
Global
	GlobalSection(SolutionConfigurationPlatforms) = preSolution
		Debug|Any CPU = Debug|Any CPU
		Release|Any CPU = Release|Any CPU
	EndGlobalSection
	GlobalSection(ProjectConfigurationPlatforms) = postSolution
		{F5BF84B2-ED3C-40DD-85B1-E1E63F93EDC2}.Debug|Any CPU.ActiveCfg = Debug|Any CPU
		{F5BF84B2-ED3C-40DD-85B1-E1E63F93EDC2}.Debug|Any CPU.Build.0 = Debug|Any CPU
		{F5BF84B2-ED3C-40DD-85B1-E1E63F93EDC2}.Release|Any CPU.ActiveCfg = Release|Any CPU
		{F5BF84B2-ED3C-40DD-85B1-E1E63F93EDC2}.Release|Any CPU.Build.0 = Release|Any CPU
	EndGlobalSection
	GlobalSection(SolutionProperties) = preSolution
		HideSolutionNode = FALSE
	EndGlobalSection
	GlobalSection(ExtensibilityGlobals) = postSolution
		SolutionGuid = {7FE87F2A-8BCD-4BF4-A7B3-B373941C09E7}
	EndGlobalSection
EndGlobal
